
Microsoft Visual Studio Solution File, Format Version 12.00
# Visual Studio Version 17
VisualStudioVersion = 17.4.33213.308
MinimumVisualStudioVersion = 10.0.40219.1
Project("{8BC9CEB8-8B4A-11D0-8D11-00A0C91BC942}") = "BOJ_27219", "BOJ_27219.vcxproj", "{BED08C76-20DC-4F7B-9E88-E361F7B8EBCB}"
EndProject
Global
	GlobalSection(SolutionConfigurationPlatforms) = preSolution
		Debug|x64 = Debug|x64
		Release|x64 = Release|x64
	EndGlobalSection
	GlobalSection(ProjectConfigurationPlatforms) = postSolution
		{BED08C76-20DC-4F7B-9E88-E361F7B8EBCB}.Debug|x64.ActiveCfg = Debug|x64
		{BED08C76-20DC-4F7B-9E88-E361F7B8EBCB}.Debug|x64.Build.0 = Debug|x64
		{BED08C76-20DC-4F7B-9E88-E361F7B8EBCB}.Release|x64.ActiveCfg = Release|x64
		{BED08C76-20DC-4F7B-9E88-E361F7B8EBCB}.Release|x64.Build.0 = Release|x64
	EndGlobalSection
	GlobalSection(SolutionProperties) = preSolution
		HideSolutionNode = FALSE
	EndGlobalSection
	GlobalSection(ExtensibilityGlobals) = postSolution
		SolutionGuid = {2838DC1F-DF77-401B-AFD9-3149B2BA4B78}
	EndGlobalSection
EndGlobal
